
Microsoft Visual Studio Solution File, Format Version 12.00
# Visual Studio 2013
VisualStudioVersion = 12.0.21005.1
MinimumVisualStudioVersion = 10.0.40219.1
Project("{00D1A9C2-B5F0-4AF3-8072-F6C62B433612}") = "PCSDB", "PCSDB\PCSDB.sqlproj", "{565C9633-69EF-4C36-AF96-0D7A9A611C37}"
EndProject
Project("{FAE04EC0-301F-11D3-BF4B-00C04F79EFBC}") = "PCSWCF", "PCSWCF\PCSWCF.csproj", "{71CED241-649F-45F1-978E-99B4682D2FF0}"
EndProject
Global
	GlobalSection(SolutionConfigurationPlatforms) = preSolution
		Debug|Any CPU = Debug|Any CPU
		Release|Any CPU = Release|Any CPU
	EndGlobalSection
	GlobalSection(ProjectConfigurationPlatforms) = postSolution
		{565C9633-69EF-4C36-AF96-0D7A9A611C37}.Debug|Any CPU.ActiveCfg = Debug|Any CPU
		{565C9633-69EF-4C36-AF96-0D7A9A611C37}.Debug|Any CPU.Build.0 = Debug|Any CPU
		{565C9633-69EF-4C36-AF96-0D7A9A611C37}.Debug|Any CPU.Deploy.0 = Debug|Any CPU
		{565C9633-69EF-4C36-AF96-0D7A9A611C37}.Release|Any CPU.ActiveCfg = Release|Any CPU
		{565C9633-69EF-4C36-AF96-0D7A9A611C37}.Release|Any CPU.Build.0 = Release|Any CPU
		{565C9633-69EF-4C36-AF96-0D7A9A611C37}.Release|Any CPU.Deploy.0 = Release|Any CPU
		{71CED241-649F-45F1-978E-99B4682D2FF0}.Debug|Any CPU.ActiveCfg = Debug|Any CPU
		{71CED241-649F-45F1-978E-99B4682D2FF0}.Debug|Any CPU.Build.0 = Debug|Any CPU
		{71CED241-649F-45F1-978E-99B4682D2FF0}.Release|Any CPU.ActiveCfg = Release|Any CPU
		{71CED241-649F-45F1-978E-99B4682D2FF0}.Release|Any CPU.Build.0 = Release|Any CPU
	EndGlobalSection
	GlobalSection(SolutionProperties) = preSolution
		HideSolutionNode = FALSE
	EndGlobalSection
EndGlobal
